
Microsoft Visual Studio Solution File, Format Version 12.00
# Visual Studio Version 16
VisualStudioVersion = 16.0.810.25
MinimumVisualStudioVersion = 10.0.40219.1
Project("{FAE04EC0-301F-11D3-BF4B-00C04F79EFBC}") = "graphic-tutorial-csharp", "graphic-tutorial-csharp.csproj", "{35792131-68D5-4231-89F1-BFB7238FCD2C}"
EndProject
Global
	GlobalSection(SolutionConfigurationPlatforms) = preSolution
		Debug|Any CPU = Debug|Any CPU
		Release|Any CPU = Release|Any CPU
	EndGlobalSection
	GlobalSection(ProjectConfigurationPlatforms) = postSolution
		{35792131-68D5-4231-89F1-BFB7238FCD2C}.Debug|Any CPU.ActiveCfg = Debug|Any CPU
		{35792131-68D5-4231-89F1-BFB7238FCD2C}.Debug|Any CPU.Build.0 = Debug|Any CPU
		{35792131-68D5-4231-89F1-BFB7238FCD2C}.Release|Any CPU.ActiveCfg = Release|Any CPU
		{35792131-68D5-4231-89F1-BFB7238FCD2C}.Release|Any CPU.Build.0 = Release|Any CPU
	EndGlobalSection
	GlobalSection(SolutionProperties) = preSolution
		HideSolutionNode = FALSE
	EndGlobalSection
	GlobalSection(ExtensibilityGlobals) = postSolution
		SolutionGuid = {AC9F1FF4-EB01-4CE7-9817-B68B10E47821}
	EndGlobalSection
EndGlobal
